
Microsoft Visual Studio Solution File, Format Version 12.00
# Visual Studio Version 17
VisualStudioVersion = 17.9.34616.47
MinimumVisualStudioVersion = 10.0.40219.1
Project("{8BC9CEB8-8B4A-11D0-8D11-00A0C91BC942}") = "ParadigmaOOP2_0155", "ParadigmaOOP2_0155\ParadigmaOOP2_0155.vcxproj", "{B9FC09B3-E1D8-4715-AE4F-7F0444B494B4}"
EndProject
Project("{8BC9CEB8-8B4A-11D0-8D11-00A0C91BC942}") = "Overiding", "Overiding\Overiding.vcxproj", "{E9565468-ED8A-4738-B30F-71125AA06B82}"
EndProject
Project("{8BC9CEB8-8B4A-11D0-8D11-00A0C91BC942}") = "No pewarisan", "No pewarisan\No pewarisan.vcxproj", "{60BE9BC3-CB32-42B5-B329-C85F0470A927}"
EndProject
Global
	GlobalSection(SolutionConfigurationPlatforms) = preSolution
		Debug|x64 = Debug|x64
		Debug|x86 = Debug|x86
		Release|x64 = Release|x64
		Release|x86 = Release|x86
	EndGlobalSection
	GlobalSection(ProjectConfigurationPlatforms) = postSolution
		{B9FC09B3-E1D8-4715-AE4F-7F0444B494B4}.Debug|x64.ActiveCfg = Debug|x64
		{B9FC09B3-E1D8-4715-AE4F-7F0444B494B4}.Debug|x64.Build.0 = Debug|x64
		{B9FC09B3-E1D8-4715-AE4F-7F0444B494B4}.Debug|x86.ActiveCfg = Debug|Win32
		{B9FC09B3-E1D8-4715-AE4F-7F0444B494B4}.Debug|x86.Build.0 = Debug|Win32
		{B9FC09B3-E1D8-4715-AE4F-7F0444B494B4}.Release|x64.ActiveCfg = Release|x64
		{B9FC09B3-E1D8-4715-AE4F-7F0444B494B4}.Release|x64.Build.0 = Release|x64
		{B9FC09B3-E1D8-4715-AE4F-7F0444B494B4}.Release|x86.ActiveCfg = Release|Win32
		{B9FC09B3-E1D8-4715-AE4F-7F0444B494B4}.Release|x86.Build.0 = Release|Win32
		{E9565468-ED8A-4738-B30F-71125AA06B82}.Debug|x64.ActiveCfg = Debug|x64
		{E9565468-ED8A-4738-B30F-71125AA06B82}.Debug|x64.Build.0 = Debug|x64
		{E9565468-ED8A-4738-B30F-71125AA06B82}.Debug|x86.ActiveCfg = Debug|Win32
		{E9565468-ED8A-4738-B30F-71125AA06B82}.Debug|x86.Build.0 = Debug|Win32
		{E9565468-ED8A-4738-B30F-71125AA06B82}.Release|x64.ActiveCfg = Release|x64
		{E9565468-ED8A-4738-B30F-71125AA06B82}.Release|x64.Build.0 = Release|x64
		{E9565468-ED8A-4738-B30F-71125AA06B82}.Release|x86.ActiveCfg = Release|Win32
		{E9565468-ED8A-4738-B30F-71125AA06B82}.Release|x86.Build.0 = Release|Win32
		{60BE9BC3-CB32-42B5-B329-C85F0470A927}.Debug|x64.ActiveCfg = Debug|x64
		{60BE9BC3-CB32-42B5-B329-C85F0470A927}.Debug|x64.Build.0 = Debug|x64
		{60BE9BC3-CB32-42B5-B329-C85F0470A927}.Debug|x86.ActiveCfg = Debug|Win32
		{60BE9BC3-CB32-42B5-B329-C85F0470A927}.Debug|x86.Build.0 = Debug|Win32
		{60BE9BC3-CB32-42B5-B329-C85F0470A927}.Release|x64.ActiveCfg = Release|x64
		{60BE9BC3-CB32-42B5-B329-C85F0470A927}.Release|x64.Build.0 = Release|x64
		{60BE9BC3-CB32-42B5-B329-C85F0470A927}.Release|x86.ActiveCfg = Release|Win32
		{60BE9BC3-CB32-42B5-B329-C85F0470A927}.Release|x86.Build.0 = Release|Win32
	EndGlobalSection
	GlobalSection(SolutionProperties) = preSolution
		HideSolutionNode = FALSE
	EndGlobalSection
	GlobalSection(ExtensibilityGlobals) = postSolution
		SolutionGuid = {20AEFB82-1F7D-474A-9FC1-5C97AD581D4A}
	EndGlobalSection
EndGlobal
